
Microsoft Visual Studio Solution File, Format Version 12.00
# Visual Studio Version 16
VisualStudioVersion = 16.0.32002.261
MinimumVisualStudioVersion = 10.0.40219.1
Project("{FAE04EC0-301F-11D3-BF4B-00C04F79EFBC}") = "TaskAdvanced", "TaskAdvanced.csproj", "{0875CA3B-E6AB-421D-9DB3-4D9089D31EE9}"
EndProject
Global
	GlobalSection(SolutionConfigurationPlatforms) = preSolution
		Debug|Any CPU = Debug|Any CPU
		Release|Any CPU = Release|Any CPU
	EndGlobalSection
	GlobalSection(ProjectConfigurationPlatforms) = postSolution
		{0875CA3B-E6AB-421D-9DB3-4D9089D31EE9}.Debug|Any CPU.ActiveCfg = Debug|Any CPU
		{0875CA3B-E6AB-421D-9DB3-4D9089D31EE9}.Debug|Any CPU.Build.0 = Debug|Any CPU
		{0875CA3B-E6AB-421D-9DB3-4D9089D31EE9}.Release|Any CPU.ActiveCfg = Release|Any CPU
		{0875CA3B-E6AB-421D-9DB3-4D9089D31EE9}.Release|Any CPU.Build.0 = Release|Any CPU
	EndGlobalSection
	GlobalSection(SolutionProperties) = preSolution
		HideSolutionNode = FALSE
	EndGlobalSection
	GlobalSection(ExtensibilityGlobals) = postSolution
		SolutionGuid = {C568C226-60FF-4ED5-BFBC-B154A38E3D9C}
	EndGlobalSection
EndGlobal
